
Microsoft Visual Studio Solution File, Format Version 12.00
# Visual Studio Version 17
VisualStudioVersion = 17.7.34009.444
MinimumVisualStudioVersion = 10.0.40219.1
Project("{9A19103F-16F7-4668-BE54-9A1E7A4F7556}") = "DepartmentServer", "Department\DepartmentServer.csproj", "{7014A4D9-AA8D-4E13-A15B-BFF363DD82EB}"
EndProject
Project("{9A19103F-16F7-4668-BE54-9A1E7A4F7556}") = "DepartmentClient", "DepartmentClient\DepartmentClient.csproj", "{2EBB4F98-E690-420F-B9F3-F90CBA387065}"
EndProject
Project("{FAE04EC0-301F-11D3-BF4B-00C04F79EFBC}") = "TestProject", "TestProject\TestProject.csproj", "{D7222EB2-13E5-4D4C-9668-9C5CF70C1015}"
EndProject
Global
	GlobalSection(SolutionConfigurationPlatforms) = preSolution
		Debug|Any CPU = Debug|Any CPU
		Release|Any CPU = Release|Any CPU
	EndGlobalSection
	GlobalSection(ProjectConfigurationPlatforms) = postSolution
		{7014A4D9-AA8D-4E13-A15B-BFF363DD82EB}.Debug|Any CPU.ActiveCfg = Debug|Any CPU
		{7014A4D9-AA8D-4E13-A15B-BFF363DD82EB}.Debug|Any CPU.Build.0 = Debug|Any CPU
		{7014A4D9-AA8D-4E13-A15B-BFF363DD82EB}.Release|Any CPU.ActiveCfg = Release|Any CPU
		{7014A4D9-AA8D-4E13-A15B-BFF363DD82EB}.Release|Any CPU.Build.0 = Release|Any CPU
		{2EBB4F98-E690-420F-B9F3-F90CBA387065}.Debug|Any CPU.ActiveCfg = Debug|Any CPU
		{2EBB4F98-E690-420F-B9F3-F90CBA387065}.Debug|Any CPU.Build.0 = Debug|Any CPU
		{2EBB4F98-E690-420F-B9F3-F90CBA387065}.Release|Any CPU.ActiveCfg = Release|Any CPU
		{2EBB4F98-E690-420F-B9F3-F90CBA387065}.Release|Any CPU.Build.0 = Release|Any CPU
		{D7222EB2-13E5-4D4C-9668-9C5CF70C1015}.Debug|Any CPU.ActiveCfg = Debug|Any CPU
		{D7222EB2-13E5-4D4C-9668-9C5CF70C1015}.Debug|Any CPU.Build.0 = Debug|Any CPU
		{D7222EB2-13E5-4D4C-9668-9C5CF70C1015}.Release|Any CPU.ActiveCfg = Release|Any CPU
		{D7222EB2-13E5-4D4C-9668-9C5CF70C1015}.Release|Any CPU.Build.0 = Release|Any CPU
	EndGlobalSection
	GlobalSection(SolutionProperties) = preSolution
		HideSolutionNode = FALSE
	EndGlobalSection
	GlobalSection(ExtensibilityGlobals) = postSolution
		SolutionGuid = {B0BA5F59-9CFD-47C2-A09A-F454603FA660}
	EndGlobalSection
EndGlobal
